# THIS IS AN AUTOGENERATED FILE. DO NOT EDIT THIS FILE DIRECTLY.
# yarn lockfile v1


typescript@next:
  version "5.3.0-dev.20231014"
  resolved "https://registry.yarnpkg.com/typescript/-/typescript-5.3.0-dev.20231014.tgz#2d53a2d08b5ce960309993e08614d31e2c618279"
  integrity sha512-GdNly6XgR/4j8jLzjrs4OWRLomjRlBo/0oWtG1WA25VVHKWO6cd0CbfLNuII7LATW/KEvMBJg2sgpZosKejr9g==
